// !$*UTF8*$!
{
	archiveVersion = 1;
	classes = {
	};
	objectVersion = 55;
	objects = {

/* Begin PBXBuildFile section */
		FE87E5C12838DD0400136AC5 /* AppDelegate.swift in Sources */ = {isa = PBXBuildFile; fileRef = FE87E5C02838DD0400136AC5 /* AppDelegate.swift */; };
		FE87E5C32838DD0400136AC5 /* SceneDelegate.swift in Sources */ = {isa = PBXBuildFile; fileRef = FE87E5C22838DD0400136AC5 /* SceneDelegate.swift */; };
		FE87E5C52838DD0400136AC5 /* CalculateViewController.swift in Sources */ = {isa = PBXBuildFile; fileRef = FE87E5C42838DD0400136AC5 /* CalculateViewController.swift */; };
		FE87E5C82838DD0400136AC5 /* Main.storyboard in Resources */ = {isa = PBXBuildFile; fileRef = FE87E5C62838DD0400136AC5 /* Main.storyboard */; };
		FE87E5CA2838DD0700136AC5 /* Assets.xcassets in Resources */ = {isa = PBXBuildFile; fileRef = FE87E5C92838DD0700136AC5 /* Assets.xcassets */; };
		FE87E5CD2838DD0700136AC5 /* LaunchScreen.storyboard in Resources */ = {isa = PBXBuildFile; fileRef = FE87E5CB2838DD0700136AC5 /* LaunchScreen.storyboard */; };
		FE87E5D82838DD0800136AC5 /* BMI_CalculatorTests.swift in Sources */ = {isa = PBXBuildFile; fileRef = FE87E5D72838DD0800136AC5 /* BMI_CalculatorTests.swift */; };
		FE87E5E22838DD0800136AC5 /* BMI_CalculatorUITests.swift in Sources */ = {isa = PBXBuildFile; fileRef = FE87E5E12838DD0800136AC5 /* BMI_CalculatorUITests.swift */; };
		FE87E5E42838DD0800136AC5 /* BMI_CalculatorUITestsLaunchTests.swift in Sources */ = {isa = PBXBuildFile; fileRef = FE87E5E32838DD0800136AC5 /* BMI_CalculatorUITestsLaunchTests.swift */; };
		FE87E60E283A0D2500136AC5 /* ResultViewController.swift in Sources */ = {isa = PBXBuildFile; fileRef = FE87E60D283A0D2500136AC5 /* ResultViewController.swift */; };
		FEEE64E4283BC01500D79EB8 /* CalculatorBrain.swift in Sources */ = {isa = PBXBuildFile; fileRef = FEEE64E3283BC01500D79EB8 /* CalculatorBrain.swift */; };
		FEEE64E6283BCFF700D79EB8 /* BMI.swift in Sources */ = {isa = PBXBuildFile; fileRef = FEEE64E5283BCFF700D79EB8 /* BMI.swift */; };
/* End PBXBuildFile section */

/* Begin PBXContainerItemProxy section */
		FE87E5D42838DD0800136AC5 /* PBXContainerItemProxy */ = {
			isa = PBXContainerItemProxy;
			containerPortal = FE87E5B52838DD0400136AC5 /* Project object */;
			proxyType = 1;
			remoteGlobalIDString = FE87E5BC2838DD0400136AC5;
			remoteInfo = "BMI Calculator";
		};
		FE87E5DE2838DD0800136AC5 /* PBXContainerItemProxy */ = {
			isa = PBXContainerItemProxy;
			containerPortal = FE87E5B52838DD0400136AC5 /* Project object */;
			proxyType = 1;
			remoteGlobalIDString = FE87E5BC2838DD0400136AC5;
			remoteInfo = "BMI Calculator";
		};
/* End PBXContainerItemProxy section */

/* Begin PBXFileReference section */
		FE87E5BD2838DD0400136AC5 /* BMI Calculator.app */ = {isa = PBXFileReference; explicitFileType = wrapper.application; includeInIndex = 0; path = "BMI Calculator.app"; sourceTree = BUILT_PRODUCTS_DIR; };
		FE87E5C02838DD0400136AC5 /* AppDelegate.swift */ = {isa = PBXFileReference; lastKnownFileType = sourcecode.swift; path = AppDelegate.swift; sourceTree = "<group>"; };
		FE87E5C22838DD0400136AC5 /* SceneDelegate.swift */ = {isa = PBXFileReference; lastKnownFileType = sourcecode.swift; path = SceneDelegate.swift; sourceTree = "<group>"; };
		FE87E5C42838DD0400136AC5 /* CalculateViewController.swift */ = {isa = PBXFileReference; lastKnownFileType = sourcecode.swift; path = CalculateViewController.swift; sourceTree = "<group>"; };
		FE87E5C72838DD0400136AC5 /* Base */ = {isa = PBXFileReference; lastKnownFileType = file.storyboard; name = Base; path = Base.lproj/Main.storyboard; sourceTree = "<group>"; };
		FE87E5C92838DD0700136AC5 /* Assets.xcassets */ = {isa = PBXFileReference; lastKnownFileType = folder.assetcatalog; path = Assets.xcassets; sourceTree = "<group>"; };
		FE87E5CC2838DD0700136AC5 /* Base */ = {isa = PBXFileReference; lastKnownFileType = file.storyboard; name = Base; path = Base.lproj/LaunchScreen.storyboard; sourceTree = "<group>"; };
		FE87E5CE2838DD0700136AC5 /* Info.plist */ = {isa = PBXFileReference; lastKnownFileType = text.plist.xml; path = Info.plist; sourceTree = "<group>"; };
		FE87E5D32838DD0800136AC5 /* BMI CalculatorTests.xctest */ = {isa = PBXFileReference; explicitFileType = wrapper.cfbundle; includeInIndex = 0; path = "BMI CalculatorTests.xctest"; sourceTree = BUILT_PRODUCTS_DIR; };
		FE87E5D72838DD0800136AC5 /* BMI_CalculatorTests.swift */ = {isa = PBXFileReference; lastKnownFileType = sourcecode.swift; path = BMI_CalculatorTests.swift; sourceTree = "<group>"; };
		FE87E5DD2838DD0800136AC5 /* BMI CalculatorUITests.xctest */ = {isa = PBXFileReference; explicitFileType = wrapper.cfbundle; includeInIndex = 0; path = "BMI CalculatorUITests.xctest"; sourceTree = BUILT_PRODUCTS_DIR; };
		FE87E5E12838DD0800136AC5 /* BMI_CalculatorUITests.swift */ = {isa = PBXFileReference; lastKnownFileType = sourcecode.swift; path = BMI_CalculatorUITests.swift; sourceTree = "<group>"; };
		FE87E5E32838DD0800136AC5 /* BMI_CalculatorUITestsLaunchTests.swift */ = {isa = PBXFileReference; lastKnownFileType = sourcecode.swift; path = BMI_CalculatorUITestsLaunchTests.swift; sourceTree = "<group>"; };
		FE87E60D283A0D2500136AC5 /* ResultViewController.swift */ = {isa = PBXFileReference; lastKnownFileType = sourcecode.swift; path = ResultViewController.swift; sourceTree = "<group>"; };
		FEEE64E3283BC01500D79EB8 /* CalculatorBrain.swift */ = {isa = PBXFileReference; lastKnownFileType = sourcecode.swift; path = CalculatorBrain.swift; sourceTree = "<group>"; };
		FEEE64E5283BCFF700D79EB8 /* BMI.swift */ = {isa = PBXFileReference; lastKnownFileType = sourcecode.swift; path = BMI.swift; sourceTree = "<group>"; };
/* End PBXFileReference section */

/* Begin PBXFrameworksBuildPhase section */
		FE87E5BA2838DD0400136AC5 /* Frameworks */ = {
			isa = PBXFrameworksBuildPhase;
			buildActionMask = 2147483647;
			files = (
			);
			runOnlyForDeploymentPostprocessing = 0;
		};
		FE87E5D02838DD0800136AC5 /* Frameworks */ = {
			isa = PBXFrameworksBuildPhase;
			buildActionMask = 2147483647;
			files = (
			);
			runOnlyForDeploymentPostprocessing = 0;
		};
		FE87E5DA2838DD0800136AC5 /* Frameworks */ = {
			isa = PBXFrameworksBuildPhase;
			buildActionMask = 2147483647;
			files = (
			);
			runOnlyForDeploymentPostprocessing = 0;
		};
/* End PBXFrameworksBuildPhase section */

/* Begin PBXGroup section */
		FE87E5B42838DD0300136AC5 = {
			isa = PBXGroup;
			children = (
				FE87E5BF2838DD0400136AC5 /* BMI Calculator */,
				FE87E5D62838DD0800136AC5 /* BMI CalculatorTests */,
				FE87E5E02838DD0800136AC5 /* BMI CalculatorUITests */,
				FE87E5BE2838DD0400136AC5 /* Products */,
			);
			sourceTree = "<group>";
		};
		FE87E5BE2838DD0400136AC5 /* Products */ = {
			isa = PBXGroup;
			children = (
				FE87E5BD2838DD0400136AC5 /* BMI Calculator.app */,
				FE87E5D32838DD0800136AC5 /* BMI CalculatorTests.xctest */,
				FE87E5DD2838DD0800136AC5 /* BMI CalculatorUITests.xctest */,
			);
			name = Products;
			sourceTree = "<group>";
		};
		FE87E5BF2838DD0400136AC5 /* BMI Calculator */ = {
			isa = PBXGroup;
			children = (
				FE87E5C02838DD0400136AC5 /* AppDelegate.swift */,
				FE87E5C22838DD0400136AC5 /* SceneDelegate.swift */,
				FE87E5F22838DDBA00136AC5 /* Models */,
				FE87E5F02838DD7500136AC5 /* Views */,
				FE87E5F42838EE9400136AC5 /* Controllers */,
				FE87E5C92838DD0700136AC5 /* Assets.xcassets */,
				FE87E5CB2838DD0700136AC5 /* LaunchScreen.storyboard */,
				FE87E5CE2838DD0700136AC5 /* Info.plist */,
			);
			path = "BMI Calculator";
			sourceTree = "<group>";
		};
		FE87E5D62838DD0800136AC5 /* BMI CalculatorTests */ = {
			isa = PBXGroup;
			children = (
				FE87E5D72838DD0800136AC5 /* BMI_CalculatorTests.swift */,
			);
			path = "BMI CalculatorTests";
			sourceTree = "<group>";
		};
		FE87E5E02838DD0800136AC5 /* BMI CalculatorUITests */ = {
			isa = PBXGroup;
			children = (
				FE87E5E12838DD0800136AC5 /* BMI_CalculatorUITests.swift */,
				FE87E5E32838DD0800136AC5 /* BMI_CalculatorUITestsLaunchTests.swift */,
			);
			path = "BMI CalculatorUITests";
			sourceTree = "<group>";
		};
		FE87E5F02838DD7500136AC5 /* Views */ = {
			isa = PBXGroup;
			children = (
				FE87E5C62838DD0400136AC5 /* Main.storyboard */,
			);
			path = Views;
			sourceTree = "<group>";
		};
		FE87E5F22838DDBA00136AC5 /* Models */ = {
			isa = PBXGroup;
			children = (
				FEEE64E3283BC01500D79EB8 /* CalculatorBrain.swift */,
				FEEE64E5283BCFF700D79EB8 /* BMI.swift */,
			);
			path = Models;
			sourceTree = "<group>";
		};
		FE87E5F42838EE9400136AC5 /* Controllers */ = {
			isa = PBXGroup;
			children = (
				FE87E5C42838DD0400136AC5 /* CalculateViewController.swift */,
				FE87E60D283A0D2500136AC5 /* ResultViewController.swift */,
			);
			path = Controllers;
			sourceTree = "<group>";
		};
/* End PBXGroup section */

/* Begin PBXNativeTarget section */
		FE87E5BC2838DD0400136AC5 /* BMI Calculator */ = {
			isa = PBXNativeTarget;
			buildConfigurationList = FE87E5E72838DD0800136AC5 /* Build configuration list for PBXNativeTarget "BMI Calculator" */;
			buildPhases = (
				FE87E5B92838DD0400136AC5 /* Sources */,
				FE87E5BA2838DD0400136AC5 /* Frameworks */,
				FE87E5BB2838DD0400136AC5 /* Resources */,
			);
			buildRules = (
			);
			dependencies = (
			);
			name = "BMI Calculator";
			productName = "BMI Calculator";
			productReference = FE87E5BD2838DD0400136AC5 /* BMI Calculator.app */;
			productType = "com.apple.product-type.application";
		};
		FE87E5D22838DD0800136AC5 /* BMI CalculatorTests */ = {
			isa = PBXNativeTarget;
			buildConfigurationList = FE87E5EA2838DD0800136AC5 /* Build configuration list for PBXNativeTarget "BMI CalculatorTests" */;
			buildPhases = (
				FE87E5CF2838DD0800136AC5 /* Sources */,
				FE87E5D02838DD0800136AC5 /* Frameworks */,
				FE87E5D12838DD0800136AC5 /* Resources */,
			);
			buildRules = (
			);
			dependencies = (
				FE87E5D52838DD0800136AC5 /* PBXTargetDependency */,
			);
			name = "BMI CalculatorTests";
			productName = "BMI CalculatorTests";
			productReference = FE87E5D32838DD0800136AC5 /* BMI CalculatorTests.xctest */;
			productType = "com.apple.product-type.bundle.unit-test";
		};
		FE87E5DC2838DD0800136AC5 /* BMI CalculatorUITests */ = {
			isa = PBXNativeTarget;
			buildConfigurationList = FE87E5ED2838DD0800136AC5 /* Build configuration list for PBXNativeTarget "BMI CalculatorUITests" */;
			buildPhases = (
				FE87E5D92838DD0800136AC5 /* Sources */,
				FE87E5DA2838DD0800136AC5 /* Frameworks */,
				FE87E5DB2838DD0800136AC5 /* Resources */,
			);
			buildRules = (
			);
			dependencies = (
				FE87E5DF2838DD0800136AC5 /* PBXTargetDependency */,
			);
			name = "BMI CalculatorUITests";
			productName = "BMI CalculatorUITests";
			productReference = FE87E5DD2838DD0800136AC5 /* BMI CalculatorUITests.xctest */;
			productType = "com.apple.product-type.bundle.ui-testing";
		};
/* End PBXNativeTarget section */

/* Begin PBXProject section */
		FE87E5B52838DD0400136AC5 /* Project object */ = {
			isa = PBXProject;
			attributes = {
				BuildIndependentTargetsInParallel = 1;
				LastSwiftUpdateCheck = 1340;
				LastUpgradeCheck = 1340;
				TargetAttributes = {
					FE87E5BC2838DD0400136AC5 = {
						CreatedOnToolsVersion = 13.4;
					};
					FE87E5D22838DD0800136AC5 = {
						CreatedOnToolsVersion = 13.4;
						TestTargetID = FE87E5BC2838DD0400136AC5;
					};
					FE87E5DC2838DD0800136AC5 = {
						CreatedOnToolsVersion = 13.4;
						TestTargetID = FE87E5BC2838DD0400136AC5;
					};
				};
			};
			buildConfigurationList = FE87E5B82838DD0400136AC5 /* Build configuration list for PBXProject "BMI Calculator" */;
			compatibilityVersion = "Xcode 13.0";
			developmentRegion = en;
			hasScannedForEncodings = 0;
			knownRegions = (
				en,
				Base,
			);
			mainGroup = FE87E5B42838DD0300136AC5;
			productRefGroup = FE87E5BE2838DD0400136AC5 /* Products */;
			projectDirPath = "";
			projectRoot = "";
			targets = (
				FE87E5BC2838DD0400136AC5 /* BMI Calculator */,
				FE87E5D22838DD0800136AC5 /* BMI CalculatorTests */,
				FE87E5DC2838DD0800136AC5 /* BMI CalculatorUITests */,
			);
		};
/* End PBXProject section */

/* Begin PBXResourcesBuildPhase section */
		FE87E5BB2838DD0400136AC5 /* Resources */ = {
			isa = PBXResourcesBuildPhase;
			buildActionMask = 2147483647;
			files = (
				FE87E5CD2838DD0700136AC5 /* LaunchScreen.storyboard in Resources */,
				FE87E5CA2838DD0700136AC5 /* Assets.xcassets in Resources */,
				FE87E5C82838DD0400136AC5 /* Main.storyboard in Resources */,
			);
			runOnlyForDeploymentPostprocessing = 0;
		};
		FE87E5D12838DD0800136AC5 /* Resources */ = {
			isa = PBXResourcesBuildPhase;
			buildActionMask = 2147483647;
			files = (
			);
			runOnlyForDeploymentPostprocessing = 0;
		};
		FE87E5DB2838DD0800136AC5 /* Resources */ = {
			isa = PBXResourcesBuildPhase;
			buildActionMask = 2147483647;
			files = (
			);
			runOnlyForDeploymentPostprocessing = 0;
		};
/* End PBXResourcesBuildPhase section */

/* Begin PBXSourcesBuildPhase section */
		FE87E5B92838DD0400136AC5 /* Sources */ = {
			isa = PBXSourcesBuildPhase;
			buildActionMask = 2147483647;
			files = (
				FE87E5C52838DD0400136AC5 /* CalculateViewController.swift in Sources */,
				FE87E5C12838DD0400136AC5 /* AppDelegate.swift in Sources */,
				FE87E5C32838DD0400136AC5 /* SceneDelegate.swift in Sources */,
				FEEE64E4283BC01500D79EB8 /* CalculatorBrain.swift in Sources */,
				FEEE64E6283BCFF700D79EB8 /* BMI.swift in Sources */,
				FE87E60E283A0D2500136AC5 /* ResultViewController.swift in Sources */,
			);
			runOnlyForDeploymentPostprocessing = 0;
		};
		FE87E5CF2838DD0800136AC5 /* Sources */ = {
			isa = PBXSourcesBuildPhase;
			buildActionMask = 2147483647;
			files = (
				FE87E5D82838DD0800136AC5 /* BMI_CalculatorTests.swift in Sources */,
			);
			runOnlyForDeploymentPostprocessing = 0;
		};
		FE87E5D92838DD0800136AC5 /* Sources */ = {
			isa = PBXSourcesBuildPhase;
			buildActionMask = 2147483647;
			files = (
				FE87E5E22838DD0800136AC5 /* BMI_CalculatorUITests.swift in Sources */,
				FE87E5E42838DD0800136AC5 /* BMI_CalculatorUITestsLaunchTests.swift in Sources */,
			);
			runOnlyForDeploymentPostprocessing = 0;
		};
/* End PBXSourcesBuildPhase section */

/* Begin PBXTargetDependency section */
		FE87E5D52838DD0800136AC5 /* PBXTargetDependency */ = {
			isa = PBXTargetDependency;
			target = FE87E5BC2838DD0400136AC5 /* BMI Calculator */;
			targetProxy = FE87E5D42838DD0800136AC5 /* PBXContainerItemProxy */;
		};
		FE87E5DF2838DD0800136AC5 /* PBXTargetDependency */ = {
			isa = PBXTargetDependency;
			target = FE87E5BC2838DD0400136AC5 /* BMI Calculator */;
			targetProxy = FE87E5DE2838DD0800136AC5 /* PBXContainerItemProxy */;
		};
/* End PBXTargetDependency section */

/* Begin PBXVariantGroup section */
		FE87E5C62838DD0400136AC5 /* Main.storyboard */ = {
			isa = PBXVariantGroup;
			children = (
				FE87E5C72838DD0400136AC5 /* Base */,
			);
			name = Main.storyboard;
			sourceTree = "<group>";
		};
		FE87E5CB2838DD0700136AC5 /* LaunchScreen.storyboard */ = {
			isa = PBXVariantGroup;
			children = (
				FE87E5CC2838DD0700136AC5 /* Base */,
			);
			name = LaunchScreen.storyboard;
			sourceTree = "<group>";
		};
/* End PBXVariantGroup section */

/* Begin XCBuildConfiguration section */
		FE87E5E52838DD0800136AC5 /* Debug */ = {
			isa = XCBuildConfiguration;
			buildSettings = {
				ALWAYS_SEARCH_USER_PATHS = NO;
				CLANG_ANALYZER_NONNULL = YES;
				CLANG_ANALYZER_NUMBER_OBJECT_CONVERSION = YES_AGGRESSIVE;
				CLANG_CXX_LANGUAGE_STANDARD = "gnu++17";
				CLANG_ENABLE_MODULES = YES;
				CLANG_ENABLE_OBJC_ARC = YES;
				CLANG_ENABLE_OBJC_WEAK = YES;
				CLANG_WARN_BLOCK_CAPTURE_AUTORELEASING = YES;
				CLANG_WARN_BOOL_CONVERSION = YES;
				CLANG_WARN_COMMA = YES;
				CLANG_WARN_CONSTANT_CONVERSION = YES;
				CLANG_WARN_DEPRECATED_OBJC_IMPLEMENTATIONS = YES;
				CLANG_WARN_DIRECT_OBJC_ISA_USAGE = YES_ERROR;
				CLANG_WARN_DOCUMENTATION_COMMENTS = YES;
				CLANG_WARN_EMPTY_BODY = YES;
				CLANG_WARN_ENUM_CONVERSION = YES;
				CLANG_WARN_INFINITE_RECURSION = YES;
				CLANG_WARN_INT_CONVERSION = YES;
				CLANG_WARN_NON_LITERAL_NULL_CONVERSION = YES;
				CLANG_WARN_OBJC_IMPLICIT_RETAIN_SELF = YES;
				CLANG_WARN_OBJC_LITERAL_CONVERSION = YES;
				CLANG_WARN_OBJC_ROOT_CLASS = YES_ERROR;
				CLANG_WARN_QUOTED_INCLUDE_IN_FRAMEWORK_HEADER = YES;
				CLANG_WARN_RANGE_LOOP_ANALYSIS = YES;
				CLANG_WARN_STRICT_PROTOTYPES = YES;
				CLANG_WARN_SUSPICIOUS_MOVE = YES;
				CLANG_WARN_UNGUARDED_AVAILABILITY = YES_AGGRESSIVE;
				CLANG_WARN_UNREACHABLE_CODE = YES;
				CLANG_WARN__DUPLICATE_METHOD_MATCH = YES;
				COPY_PHASE_STRIP = NO;
				DEBUG_INFORMATION_FORMAT = dwarf;
				ENABLE_STRICT_OBJC_MSGSEND = YES;
				ENABLE_TESTABILITY = YES;
				GCC_C_LANGUAGE_STANDARD = gnu11;
				GCC_DYNAMIC_NO_PIC = NO;
				GCC_NO_COMMON_BLOCKS = YES;
				GCC_OPTIMIZATION_LEVEL = 0;
				GCC_PREPROCESSOR_DEFINITIONS = (
					"DEBUG=1",
					"$(inherited)",
				);
				GCC_WARN_64_TO_32_BIT_CONVERSION = YES;
				GCC_WARN_ABOUT_RETURN_TYPE = YES_ERROR;
				GCC_WARN_UNDECLARED_SELECTOR = YES;
				GCC_WARN_UNINITIALIZED_AUTOS = YES_AGGRESSIVE;
				GCC_WARN_UNUSED_FUNCTION = YES;
				GCC_WARN_UNUSED_VARIABLE = YES;
				IPHONEOS_DEPLOYMENT_TARGET = 15.5;
				MTL_ENABLE_DEBUG_INFO = INCLUDE_SOURCE;
				MTL_FAST_MATH = YES;
				ONLY_ACTIVE_ARCH = YES;
				SDKROOT = iphoneos;
				SWIFT_ACTIVE_COMPILATION_CONDITIONS = DEBUG;
				SWIFT_OPTIMIZATION_LEVEL = "-Onone";
			};
			name = Debug;
		};
		FE87E5E62838DD0800136AC5 /* Release */ = {
			isa = XCBuildConfiguration;
			buildSettings = {
				ALWAYS_SEARCH_USER_PATHS = NO;
				CLANG_ANALYZER_NONNULL = YES;
				CLANG_ANALYZER_NUMBER_OBJECT_CONVERSION = YES_AGGRESSIVE;
				CLANG_CXX_LANGUAGE_STANDARD = "gnu++17";
				CLANG_ENABLE_MODULES = YES;
				CLANG_ENABLE_OBJC_ARC = YES;
				CLANG_ENABLE_OBJC_WEAK = YES;
				CLANG_WARN_BLOCK_CAPTURE_AUTORELEASING = YES;
				CLANG_WARN_BOOL_CONVERSION = YES;
				CLANG_WARN_COMMA = YES;
				CLANG_WARN_CONSTANT_CONVERSION = YES;
				CLANG_WARN_DEPRECATED_OBJC_IMPLEMENTATIONS = YES;
				CLANG_WARN_DIRECT_OBJC_ISA_USAGE = YES_ERROR;
				CLANG_WARN_DOCUMENTATION_COMMENTS = YES;
				CLANG_WARN_EMPTY_BODY = YES;
				CLANG_WARN_ENUM_CONVERSION = YES;
				CLANG_WARN_INFINITE_RECURSION = YES;
				CLANG_WARN_INT_CONVERSION = YES;
				CLANG_WARN_NON_LITERAL_NULL_CONVERSION = YES;
				CLANG_WARN_OBJC_IMPLICIT_RETAIN_SELF = YES;
				CLANG_WARN_OBJC_LITERAL_CONVERSION = YES;
				CLANG_WARN_OBJC_ROOT_CLASS = YES_ERROR;
				CLANG_WARN_QUOTED_INCLUDE_IN_FRAMEWORK_HEADER = YES;
				CLANG_WARN_RANGE_LOOP_ANALYSIS = YES;
				CLANG_WARN_STRICT_PROTOTYPES = YES;
				CLANG_WARN_SUSPICIOUS_MOVE = YES;
				CLANG_WARN_UNGUARDED_AVAILABILITY = YES_AGGRESSIVE;
				CLANG_WARN_UNREACHABLE_CODE = YES;
				CLANG_WARN__DUPLICATE_METHOD_MATCH = YES;
				COPY_PHASE_STRIP = NO;
				DEBUG_INFORMATION_FORMAT = "dwarf-with-dsym";
				ENABLE_NS_ASSERTIONS = NO;
				ENABLE_STRICT_OBJC_MSGSEND = YES;
				GCC_C_LANGUAGE_STANDARD = gnu11;
				GCC_NO_COMMON_BLOCKS = YES;
				GCC_WARN_64_TO_32_BIT_CONVERSION = YES;
				GCC_WARN_ABOUT_RETURN_TYPE = YES_ERROR;
				GCC_WARN_UNDECLARED_SELECTOR = YES;
				GCC_WARN_UNINITIALIZED_AUTOS = YES_AGGRESSIVE;
				GCC_WARN_UNUSED_FUNCTION = YES;
				GCC_WARN_UNUSED_VARIABLE = YES;
				IPHONEOS_DEPLOYMENT_TARGET = 15.5;
				MTL_ENABLE_DEBUG_INFO = NO;
				MTL_FAST_MATH = YES;
				SDKROOT = iphoneos;
				SWIFT_COMPILATION_MODE = wholemodule;
				SWIFT_OPTIMIZATION_LEVEL = "-O";
				VALIDATE_PRODUCT = YES;
			};
			name = Release;
		};
		FE87E5E82838DD0800136AC5 /* Debug */ = {
			isa = XCBuildConfiguration;
			buildSettings = {
				ASSETCATALOG_COMPILER_APPICON_NAME = AppIcon;
				ASSETCATALOG_COMPILER_GLOBAL_ACCENT_COLOR_NAME = AccentColor;
				CODE_SIGN_STYLE = Automatic;
				CURRENT_PROJECT_VERSION = 1;
				DEVELOPMENT_TEAM = 3A2U2X4K87;
				GENERATE_INFOPLIST_FILE = YES;
				INFOPLIST_FILE = "BMI Calculator/Info.plist";
				INFOPLIST_KEY_UIApplicationSupportsIndirectInputEvents = YES;
				INFOPLIST_KEY_UILaunchStoryboardName = LaunchScreen;
				INFOPLIST_KEY_UIMainStoryboardFile = Main;
				INFOPLIST_KEY_UISupportedInterfaceOrientations_iPad = "UIInterfaceOrientationPortrait UIInterfaceOrientationPortraitUpsideDown UIInterfaceOrientationLandscapeLeft UIInterfaceOrientationLandscapeRight";
				INFOPLIST_KEY_UISupportedInterfaceOrientations_iPhone = "UIInterfaceOrientationPortrait UIInterfaceOrientationLandscapeLeft UIInterfaceOrientationLandscapeRight";
				LD_RUNPATH_SEARCH_PATHS = (
					"$(inherited)",
					"@executable_path/Frameworks",
				);
				MARKETING_VERSION = 1.0;
				PRODUCT_BUNDLE_IDENTIFIER = "com.yedige.BMI-Calculator";
				PRODUCT_NAME = "$(TARGET_NAME)";
				SWIFT_EMIT_LOC_STRINGS = YES;
				SWIFT_VERSION = 5.0;
				TARGETED_DEVICE_FAMILY = "1,2";
			};
			name = Debug;
		};
		FE87E5E92838DD0800136AC5 /* Release */ = {
			isa = XCBuildConfiguration;
			buildSettings = {
				ASSETCATALOG_COMPILER_APPICON_NAME = AppIcon;
				ASSETCATALOG_COMPILER_GLOBAL_ACCENT_COLOR_NAME = AccentColor;
				CODE_SIGN_STYLE = Automatic;
				CURRENT_PROJECT_VERSION = 1;
				DEVELOPMENT_TEAM = 3A2U2X4K87;
				GENERATE_INFOPLIST_FILE = YES;
				INFOPLIST_FILE = "BMI Calculator/Info.plist";
				INFOPLIST_KEY_UIApplicationSupportsIndirectInputEvents = YES;
				INFOPLIST_KEY_UILaunchStoryboardName = LaunchScreen;
				INFOPLIST_KEY_UIMainStoryboardFile = Main;
				INFOPLIST_KEY_UISupportedInterfaceOrientations_iPad = "UIInterfaceOrientationPortrait UIInterfaceOrientationPortraitUpsideDown UIInterfaceOrientationLandscapeLeft UIInterfaceOrientationLandscapeRight";
				INFOPLIST_KEY_UISupportedInterfaceOrientations_iPhone = "UIInterfaceOrientationPortrait UIInterfaceOrientationLandscapeLeft UIInterfaceOrientationLandscapeRight";
				LD_RUNPATH_SEARCH_PATHS = (
					"$(inherited)",
					"@executable_path/Frameworks",
				);
				MARKETING_VERSION = 1.0;
				PRODUCT_BUNDLE_IDENTIFIER = "com.yedige.BMI-Calculator";
				PRODUCT_NAME = "$(TARGET_NAME)";
				SWIFT_EMIT_LOC_STRINGS = YES;
				SWIFT_VERSION = 5.0;
				TARGETED_DEVICE_FAMILY = "1,2";
			};
			name = Release;
		};
		FE87E5EB2838DD0800136AC5 /* Debug */ = {
			isa = XCBuildConfiguration;
			buildSettings = {
				ALWAYS_EMBED_SWIFT_STANDARD_LIBRARIES = YES;
				BUNDLE_LOADER = "$(TEST_HOST)";
				CODE_SIGN_STYLE = Automatic;
				CURRENT_PROJECT_VERSION = 1;
				DEVELOPMENT_TEAM = 3A2U2X4K87;
				GENERATE_INFOPLIST_FILE = YES;
				IPHONEOS_DEPLOYMENT_TARGET = 15.5;
				MARKETING_VERSION = 1.0;
				PRODUCT_BUNDLE_IDENTIFIER = "com.yedige.BMI-CalculatorTests";
				PRODUCT_NAME = "$(TARGET_NAME)";
				SWIFT_EMIT_LOC_STRINGS = NO;
				SWIFT_VERSION = 5.0;
				TARGETED_DEVICE_FAMILY = "1,2";
				TEST_HOST = "$(BUILT_PRODUCTS_DIR)/BMI Calculator.app/BMI Calculator";
			};
			name = Debug;
		};
		FE87E5EC2838DD0800136AC5 /* Release */ = {
			isa = XCBuildConfiguration;
			buildSettings = {
				ALWAYS_EMBED_SWIFT_STANDARD_LIBRARIES = YES;
				BUNDLE_LOADER = "$(TEST_HOST)";
				CODE_SIGN_STYLE = Automatic;
				CURRENT_PROJECT_VERSION = 1;
				DEVELOPMENT_TEAM = 3A2U2X4K87;
				GENERATE_INFOPLIST_FILE = YES;
				IPHONEOS_DEPLOYMENT_TARGET = 15.5;
				MARKETING_VERSION = 1.0;
				PRODUCT_BUNDLE_IDENTIFIER = "com.yedige.BMI-CalculatorTests";
				PRODUCT_NAME = "$(TARGET_NAME)";
				SWIFT_EMIT_LOC_STRINGS = NO;
				SWIFT_VERSION = 5.0;
				TARGETED_DEVICE_FAMILY = "1,2";
				TEST_HOST = "$(BUILT_PRODUCTS_DIR)/BMI Calculator.app/BMI Calculator";
			};
			name = Release;
		};
		FE87E5EE2838DD0800136AC5 /* Debug */ = {
			isa = XCBuildConfiguration;
			buildSettings = {
				ALWAYS_EMBED_SWIFT_STANDARD_LIBRARIES = YES;
				CODE_SIGN_STYLE = Automatic;
				CURRENT_PROJECT_VERSION = 1;
				DEVELOPMENT_TEAM = 3A2U2X4K87;
				GENERATE_INFOPLIST_FILE = YES;
				MARKETING_VERSION = 1.0;
				PRODUCT_BUNDLE_IDENTIFIER = "com.yedige.BMI-CalculatorUITests";
				PRODUCT_NAME = "$(TARGET_NAME)";
				SWIFT_EMIT_LOC_STRINGS = NO;
				SWIFT_VERSION = 5.0;
				TARGETED_DEVICE_FAMILY = "1,2";
				TEST_TARGET_NAME = "BMI Calculator";
			};
			name = Debug;
		};
		FE87E5EF2838DD0800136AC5 /* Release */ = {
			isa = XCBuildConfiguration;
			buildSettings = {
				ALWAYS_EMBED_SWIFT_STANDARD_LIBRARIES = YES;
				CODE_SIGN_STYLE = Automatic;
				CURRENT_PROJECT_VERSION = 1;
				DEVELOPMENT_TEAM = 3A2U2X4K87;
				GENERATE_INFOPLIST_FILE = YES;
				MARKETING_VERSION = 1.0;
				PRODUCT_BUNDLE_IDENTIFIER = "com.yedige.BMI-CalculatorUITests";
				PRODUCT_NAME = "$(TARGET_NAME)";
				SWIFT_EMIT_LOC_STRINGS = NO;
				SWIFT_VERSION = 5.0;
				TARGETED_DEVICE_FAMILY = "1,2";
				TEST_TARGET_NAME = "BMI Calculator";
			};
			name = Release;
		};
/* End XCBuildConfiguration section */

/* Begin XCConfigurationList section */
		FE87E5B82838DD0400136AC5 /* Build configuration list for PBXProject "BMI Calculator" */ = {
			isa = XCConfigurationList;
			buildConfigurations = (
				FE87E5E52838DD0800136AC5 /* Debug */,
				FE87E5E62838DD0800136AC5 /* Release */,
			);
			defaultConfigurationIsVisible = 0;
			defaultConfigurationName = Release;
		};
		FE87E5E72838DD0800136AC5 /* Build configuration list for PBXNativeTarget "BMI Calculator" */ = {
			isa = XCConfigurationList;
			buildConfigurations = (
				FE87E5E82838DD0800136AC5 /* Debug */,
				FE87E5E92838DD0800136AC5 /* Release */,
			);
			defaultConfigurationIsVisible = 0;
			defaultConfigurationName = Release;
		};
		FE87E5EA2838DD0800136AC5 /* Build configuration list for PBXNativeTarget "BMI CalculatorTests" */ = {
			isa = XCConfigurationList;
			buildConfigurations = (
				FE87E5EB2838DD0800136AC5 /* Debug */,
				FE87E5EC2838DD0800136AC5 /* Release */,
			);
			defaultConfigurationIsVisible = 0;
			defaultConfigurationName = Release;
		};
		FE87E5ED2838DD0800136AC5 /* Build configuration list for PBXNativeTarget "BMI CalculatorUITests" */ = {
			isa = XCConfigurationList;
			buildConfigurations = (
				FE87E5EE2838DD0800136AC5 /* Debug */,
				FE87E5EF2838DD0800136AC5 /* Release */,
			);
			defaultConfigurationIsVisible = 0;
			defaultConfigurationName = Release;
		};
/* End XCConfigurationList section */
	};
	rootObject = FE87E5B52838DD0400136AC5 /* Project object */;
}
